
Microsoft Visual Studio Solution File, Format Version 12.00
# Visual Studio Version 17
VisualStudioVersion = 17.0.32112.339
MinimumVisualStudioVersion = 10.0.40219.1
Project("{FAE04EC0-301F-11D3-BF4B-00C04F79EFBC}") = "BlazorUI", "BlazorUI\BlazorUI.csproj", "{68C7F6C7-2E94-4598-BEEA-42D526F885EE}"
EndProject
Project("{FAE04EC0-301F-11D3-BF4B-00C04F79EFBC}") = "DemoLibrary", "DemoLibrary\DemoLibrary.csproj", "{01956378-8C9E-4402-BD40-4BD2AF347B08}"
EndProject
Global
	GlobalSection(SolutionConfigurationPlatforms) = preSolution
		Debug|Any CPU = Debug|Any CPU
		Release|Any CPU = Release|Any CPU
	EndGlobalSection
	GlobalSection(ProjectConfigurationPlatforms) = postSolution
		{68C7F6C7-2E94-4598-BEEA-42D526F885EE}.Debug|Any CPU.ActiveCfg = Debug|Any CPU
		{68C7F6C7-2E94-4598-BEEA-42D526F885EE}.Debug|Any CPU.Build.0 = Debug|Any CPU
		{68C7F6C7-2E94-4598-BEEA-42D526F885EE}.Release|Any CPU.ActiveCfg = Release|Any CPU
		{68C7F6C7-2E94-4598-BEEA-42D526F885EE}.Release|Any CPU.Build.0 = Release|Any CPU
		{01956378-8C9E-4402-BD40-4BD2AF347B08}.Debug|Any CPU.ActiveCfg = Debug|Any CPU
		{01956378-8C9E-4402-BD40-4BD2AF347B08}.Debug|Any CPU.Build.0 = Debug|Any CPU
		{01956378-8C9E-4402-BD40-4BD2AF347B08}.Release|Any CPU.ActiveCfg = Release|Any CPU
		{01956378-8C9E-4402-BD40-4BD2AF347B08}.Release|Any CPU.Build.0 = Release|Any CPU
	EndGlobalSection
	GlobalSection(SolutionProperties) = preSolution
		HideSolutionNode = FALSE
	EndGlobalSection
	GlobalSection(ExtensibilityGlobals) = postSolution
		SolutionGuid = {AE28A87B-70CF-4802-8398-EC11F83F20FC}
	EndGlobalSection
EndGlobal
